
Microsoft Visual Studio Solution File, Format Version 12.00
# Visual Studio 15
VisualStudioVersion = 15.0.28010.2046
MinimumVisualStudioVersion = 10.0.40219.1
Project("{FAE04EC0-301F-11D3-BF4B-00C04F79EFBC}") = "SWFMillClient", "SWFMillClient\SWFMillClient.csproj", "{40A5C7AB-7480-4057-9C93-061265A5656A}"
EndProject
Global
	GlobalSection(SolutionConfigurationPlatforms) = preSolution
		Debug|Any CPU = Debug|Any CPU
		Release|Any CPU = Release|Any CPU
	EndGlobalSection
	GlobalSection(ProjectConfigurationPlatforms) = postSolution
		{40A5C7AB-7480-4057-9C93-061265A5656A}.Debug|Any CPU.ActiveCfg = Release|Any CPU
		{40A5C7AB-7480-4057-9C93-061265A5656A}.Debug|Any CPU.Build.0 = Release|Any CPU
		{40A5C7AB-7480-4057-9C93-061265A5656A}.Release|Any CPU.ActiveCfg = Release|Any CPU
		{40A5C7AB-7480-4057-9C93-061265A5656A}.Release|Any CPU.Build.0 = Release|Any CPU
	EndGlobalSection
	GlobalSection(SolutionProperties) = preSolution
		HideSolutionNode = FALSE
	EndGlobalSection
	GlobalSection(ExtensibilityGlobals) = postSolution
		SolutionGuid = {862E105F-3280-4750-961A-97A99F087C0C}
	EndGlobalSection
EndGlobal
